<?xml version="1.0" encoding="utf-8"?>
<Project ToolsVersion="4.0" xmlns="http://schemas.microsoft.com/developer/msbuild/2003">
  <ItemGroup>
    <Filter Include="Source Files">
      <UniqueIdentifier>{3b8369a9-aa0a-4745-9e63-7c44394bfdf1}</UniqueIdentifier>
      <Extensions>cpp;c;cxx;rc;def;r;odl;idl;hpj;bat</Extensions>
    </Filter>
    <Filter Include="Header Files">
      <UniqueIdentifier>{0a61b67d-e1b0-46ac-ba0b-07171d370eaf}</UniqueIdentifier>
      <Extensions>h;hpp;hxx;hm;inl</Extensions>
    </Filter>
    <Filter Include="Resource Files">
      <UniqueIdentifier>{28beedbd-9f5c-4602-89ff-84c1652e629a}</UniqueIdentifier>
      <Extensions>ico;cur;bmp;dlg;rc2;rct;bin;rgs;gif;jpg;jpeg;jpe</Extensions>
    </Filter>
  </ItemGroup>
  <ItemGroup>
    <ClCompile Include="CJ60Lib.cpp">
      <Filter>Source Files</Filter>
    </ClCompile>
    <ClCompile Include="CJCaption.cpp">
      <Filter>Source Files</Filter>
    </ClCompile>
    <ClCompile Include="CJControlBar.cpp">
      <Filter>Source Files</Filter>
    </ClCompile>
    <ClCompile Include="CJDockBar.cpp">
      <Filter>Source Files</Filter>
    </ClCompile>
    <ClCompile Include="CJDockContext.cpp">
      <Filter>Source Files</Filter>
    </ClCompile>
    <ClCompile Include="CJExplorerBar.cpp">
      <Filter>Source Files</Filter>
    </ClCompile>
    <ClCompile Include="CJFlatButton.cpp">
      <Filter>Source Files</Filter>
    </ClCompile>
    <ClCompile Include="CJFlatComboBox.cpp">
      <Filter>Source Files</Filter>
    </ClCompile>
    <ClCompile Include="CJFlatHeaderCtrl.cpp">
      <Filter>Source Files</Filter>
    </ClCompile>
    <ClCompile Include="CJFrameInfo.cpp">
      <Filter>Source Files</Filter>
    </ClCompile>
    <ClCompile Include="CJFrameWnd.cpp">
      <Filter>Source Files</Filter>
    </ClCompile>
    <ClCompile Include="CJListCtrl.cpp">
      <Filter>Source Files</Filter>
    </ClCompile>
    <ClCompile Include="CJListView.cpp">
      <Filter>Source Files</Filter>
    </ClCompile>
    <ClCompile Include="CJMDIFrameWnd.cpp">
      <Filter>Source Files</Filter>
    </ClCompile>
    <ClCompile Include="CJMiniDockFrameWnd.cpp">
      <Filter>Source Files</Filter>
    </ClCompile>
    <ClCompile Include="CJOutlookBar.cpp">
      <Filter>Source Files</Filter>
    </ClCompile>
    <ClCompile Include="CJPagerCtrl.cpp">
      <Filter>Source Files</Filter>
    </ClCompile>
    <ClCompile Include="CJSearchEdit.cpp">
      <Filter>Source Files</Filter>
    </ClCompile>
    <ClCompile Include="CJSizeDockBar.cpp">
      <Filter>Source Files</Filter>
    </ClCompile>
    <ClCompile Include="CJTabCtrlBar.cpp">
      <Filter>Source Files</Filter>
    </ClCompile>
    <ClCompile Include="CJTabView.cpp">
      <Filter>Source Files</Filter>
    </ClCompile>
    <ClCompile Include="CJToolBar.cpp">
      <Filter>Source Files</Filter>
    </ClCompile>
    <ClCompile Include="CoolBar.cpp">
      <Filter>Source Files</Filter>
    </ClCompile>
    <ClCompile Include="CoolMenu.cpp">
      <Filter>Source Files</Filter>
    </ClCompile>
    <ClCompile Include="FixTB.cpp">
      <Filter>Source Files</Filter>
    </ClCompile>
    <ClCompile Include="FlatBar.cpp">
      <Filter>Source Files</Filter>
    </ClCompile>
    <ClCompile Include="Globals.cpp">
      <Filter>Source Files</Filter>
    </ClCompile>
    <ClCompile Include="HyperLink.cpp">
      <Filter>Source Files</Filter>
    </ClCompile>
    <ClCompile Include="MenuBar.cpp">
      <Filter>Source Files</Filter>
    </ClCompile>
    <ClCompile Include="ModulVer.cpp">
      <Filter>Source Files</Filter>
    </ClCompile>
    <ClCompile Include="ShellPidl.cpp">
      <Filter>Source Files</Filter>
    </ClCompile>
    <ClCompile Include="ShellTree.cpp">
      <Filter>Source Files</Filter>
    </ClCompile>
    <ClCompile Include="SHFileInfo.cpp">
      <Filter>Source Files</Filter>
    </ClCompile>
    <ClCompile Include="StdAfx.cpp">
      <Filter>Source Files</Filter>
    </ClCompile>
    <ClCompile Include="Subclass.cpp">
      <Filter>Source Files</Filter>
    </ClCompile>
  </ItemGroup>
  <ItemGroup>
    <ResourceCompile Include="CJ60Lib.rc">
      <Filter>Source Files</Filter>
    </ResourceCompile>
  </ItemGroup>
  <ItemGroup>
    <ClInclude Include="..\Include\CJ60Lib.h">
      <Filter>Header Files</Filter>
    </ClInclude>
    <ClInclude Include="..\Include\CJCaption.h">
      <Filter>Header Files</Filter>
    </ClInclude>
    <ClInclude Include="..\Include\CJControlBar.h">
      <Filter>Header Files</Filter>
    </ClInclude>
    <ClInclude Include="..\Include\CJDockBar.h">
      <Filter>Header Files</Filter>
    </ClInclude>
    <ClInclude Include="..\Include\CJDockContext.h">
      <Filter>Header Files</Filter>
    </ClInclude>
    <ClInclude Include="..\Include\CJExplorerBar.h">
      <Filter>Header Files</Filter>
    </ClInclude>
    <ClInclude Include="..\Include\CJFlatButton.h">
      <Filter>Header Files</Filter>
    </ClInclude>
    <ClInclude Include="..\Include\CJFlatComboBox.h">
      <Filter>Header Files</Filter>
    </ClInclude>
    <ClInclude Include="..\Include\CJFlatHeaderCtrl.h">
      <Filter>Header Files</Filter>
    </ClInclude>
    <ClInclude Include="..\Include\CJFrameInfo.h">
      <Filter>Header Files</Filter>
    </ClInclude>
    <ClInclude Include="..\Include\CJFrameWnd.h">
      <Filter>Header Files</Filter>
    </ClInclude>
    <ClInclude Include="..\Include\CJListCtrl.h">
      <Filter>Header Files</Filter>
    </ClInclude>
    <ClInclude Include="..\Include\CJListView.h">
      <Filter>Header Files</Filter>
    </ClInclude>
    <ClInclude Include="..\Include\CJMDIFrameWnd.h">
      <Filter>Header Files</Filter>
    </ClInclude>
    <ClInclude Include="..\Include\CJMiniDockFrameWnd.h">
      <Filter>Header Files</Filter>
    </ClInclude>
    <ClInclude Include="..\Include\CJOutlookBar.h">
      <Filter>Header Files</Filter>
    </ClInclude>
    <ClInclude Include="..\Include\CJPagerCtrl.h">
      <Filter>Header Files</Filter>
    </ClInclude>
    <ClInclude Include="..\Include\CJSearchEdit.h">
      <Filter>Header Files</Filter>
    </ClInclude>
    <ClInclude Include="..\Include\CJSizeDockBar.h">
      <Filter>Header Files</Filter>
    </ClInclude>
    <ClInclude Include="..\Include\CJTabCtrlBar.h">
      <Filter>Header Files</Filter>
    </ClInclude>
    <ClInclude Include="..\Include\CJTabView.h">
      <Filter>Header Files</Filter>
    </ClInclude>
    <ClInclude Include="..\Include\CJToolBar.h">
      <Filter>Header Files</Filter>
    </ClInclude>
    <ClInclude Include="..\Include\CoolBar.h">
      <Filter>Header Files</Filter>
    </ClInclude>
    <ClInclude Include="..\Include\CoolMenu.h">
      <Filter>Header Files</Filter>
    </ClInclude>
    <ClInclude Include="..\Include\FixTB.h">
      <Filter>Header Files</Filter>
    </ClInclude>
    <ClInclude Include="..\Include\FlatBar.h">
      <Filter>Header Files</Filter>
    </ClInclude>
    <ClInclude Include="Globals.h">
      <Filter>Header Files</Filter>
    </ClInclude>
    <ClInclude Include="..\Include\HyperLink.h">
      <Filter>Header Files</Filter>
    </ClInclude>
    <ClInclude Include="..\Include\MenuBar.h">
      <Filter>Header Files</Filter>
    </ClInclude>
    <ClInclude Include="..\Include\ModulVer.h">
      <Filter>Header Files</Filter>
    </ClInclude>
    <ClInclude Include="Resource.h">
      <Filter>Header Files</Filter>
    </ClInclude>
    <ClInclude Include="..\Include\ShellPidl.h">
      <Filter>Header Files</Filter>
    </ClInclude>
    <ClInclude Include="..\Include\ShellTree.h">
      <Filter>Header Files</Filter>
    </ClInclude>
    <ClInclude Include="..\Include\SHFileInfo.h">
      <Filter>Header Files</Filter>
    </ClInclude>
    <ClInclude Include="StdAfx.h">
      <Filter>Header Files</Filter>
    </ClInclude>
    <ClInclude Include="..\Include\Subclass.h">
      <Filter>Header Files</Filter>
    </ClInclude>
  </ItemGroup>
  <ItemGroup>
    <Image Include="res\btn_arro.bmp">
      <Filter>Resource Files</Filter>
    </Image>
    <Image Include="res\btn_explorer.bmp">
      <Filter>Resource Files</Filter>
    </Image>
    <Image Include="res\button_images.bmp">
      <Filter>Resource Files</Filter>
    </Image>
    <Image Include="res\cj_logo.bmp">
      <Filter>Resource Files</Filter>
    </Image>
  </ItemGroup>
  <ItemGroup>
    <Text Include="ReadMe.txt" />
  </ItemGroup>
  <ItemGroup>
    <CustomBuild Include="CJ60Lib.def">
      <Filter>Source Files</Filter>
    </CustomBuild>
    <CustomBuild Include="res\CJ60Lib.rc2">
      <Filter>Resource Files</Filter>
    </CustomBuild>
    <CustomBuild Include="res\hsplitba.cur">
      <Filter>Resource Files</Filter>
    </CustomBuild>
    <CustomBuild Include="res\vsplitba.cur">
      <Filter>Resource Files</Filter>
    </CustomBuild>
  </ItemGroup>
</Project>